// !$*UTF8*$!
{
	archiveVersion = 1;
	classes = {
	};
	objectVersion = 50;
	objects = {

/* Begin PBXBuildFile section */
		1703AF4F267666DB00FF44DA /* Huge_DatabaseApp.swift in Sources */ = {isa = PBXBuildFile; fileRef = 1703AF4E267666DB00FF44DA /* Huge_DatabaseApp.swift */; };
		1703AF51267666DB00FF44DA /* ContentView.swift in Sources */ = {isa = PBXBuildFile; fileRef = 1703AF50267666DB00FF44DA /* ContentView.swift */; };
		1703AF53267666E000FF44DA /* Assets.xcassets in Resources */ = {isa = PBXBuildFile; fileRef = 1703AF52267666E000FF44DA /* Assets.xcassets */; };
		1703AF56267666E000FF44DA /* Preview Assets.xcassets in Resources */ = {isa = PBXBuildFile; fileRef = 1703AF55267666E000FF44DA /* Preview Assets.xcassets */; };
		1703AF5E267675FD00FF44DA /* Gradients.swift in Sources */ = {isa = PBXBuildFile; fileRef = 1703AF5D267675FD00FF44DA /* Gradients.swift */; };
		1703AF6026767CEF00FF44DA /* Modifiers.swift in Sources */ = {isa = PBXBuildFile; fileRef = 1703AF5F26767CEF00FF44DA /* Modifiers.swift */; };
		1703AF6626768F8300FF44DA /* OneGrid.swift in Sources */ = {isa = PBXBuildFile; fileRef = 1703AF6526768F8300FF44DA /* OneGrid.swift */; };
		1703AF6E2677655E00FF44DA /* DatePickerOne.swift in Sources */ = {isa = PBXBuildFile; fileRef = 1703AF6D2677655E00FF44DA /* DatePickerOne.swift */; };
		1703AF742677890800FF44DA /* PractiseCGSize.swift in Sources */ = {isa = PBXBuildFile; fileRef = 1703AF732677890800FF44DA /* PractiseCGSize.swift */; };
		1703AF782678DE0D00FF44DA /* TrimAndShapes.swift in Sources */ = {isa = PBXBuildFile; fileRef = 1703AF772678DE0D00FF44DA /* TrimAndShapes.swift */; };
		1703AF7A267A121100FF44DA /* Ternary.swift in Sources */ = {isa = PBXBuildFile; fileRef = 1703AF79267A121100FF44DA /* Ternary.swift */; };
		1737860C267BB27400578108 /* LoadingLine.swift in Sources */ = {isa = PBXBuildFile; fileRef = 1737860B267BB27400578108 /* LoadingLine.swift */; };
		17378612267CFF7C00578108 /* AnglesInGradient.swift in Sources */ = {isa = PBXBuildFile; fileRef = 17378611267CFF7B00578108 /* AnglesInGradient.swift */; };
		17378618267F3AF200578108 /* ScroolReader.swift in Sources */ = {isa = PBXBuildFile; fileRef = 17378617267F3AF200578108 /* ScroolReader.swift */; };
/* End PBXBuildFile section */

/* Begin PBXFileReference section */
		1703AF4B267666DB00FF44DA /* Huge Database.app */ = {isa = PBXFileReference; explicitFileType = wrapper.application; includeInIndex = 0; path = "Huge Database.app"; sourceTree = BUILT_PRODUCTS_DIR; };
		1703AF4E267666DB00FF44DA /* Huge_DatabaseApp.swift */ = {isa = PBXFileReference; lastKnownFileType = sourcecode.swift; path = Huge_DatabaseApp.swift; sourceTree = "<group>"; };
		1703AF50267666DB00FF44DA /* ContentView.swift */ = {isa = PBXFileReference; lastKnownFileType = sourcecode.swift; path = ContentView.swift; sourceTree = "<group>"; };
		1703AF52267666E000FF44DA /* Assets.xcassets */ = {isa = PBXFileReference; lastKnownFileType = folder.assetcatalog; path = Assets.xcassets; sourceTree = "<group>"; };
		1703AF55267666E000FF44DA /* Preview Assets.xcassets */ = {isa = PBXFileReference; lastKnownFileType = folder.assetcatalog; path = "Preview Assets.xcassets"; sourceTree = "<group>"; };
		1703AF57267666E000FF44DA /* Info.plist */ = {isa = PBXFileReference; lastKnownFileType = text.plist.xml; path = Info.plist; sourceTree = "<group>"; };
		1703AF5D267675FD00FF44DA /* Gradients.swift */ = {isa = PBXFileReference; lastKnownFileType = sourcecode.swift; path = Gradients.swift; sourceTree = "<group>"; };
		1703AF5F26767CEF00FF44DA /* Modifiers.swift */ = {isa = PBXFileReference; lastKnownFileType = sourcecode.swift; path = Modifiers.swift; sourceTree = "<group>"; };
		1703AF6526768F8300FF44DA /* OneGrid.swift */ = {isa = PBXFileReference; lastKnownFileType = sourcecode.swift; path = OneGrid.swift; sourceTree = "<group>"; };
		1703AF6D2677655E00FF44DA /* DatePickerOne.swift */ = {isa = PBXFileReference; lastKnownFileType = sourcecode.swift; path = DatePickerOne.swift; sourceTree = "<group>"; };
		1703AF732677890800FF44DA /* PractiseCGSize.swift */ = {isa = PBXFileReference; lastKnownFileType = sourcecode.swift; path = PractiseCGSize.swift; sourceTree = "<group>"; };
		1703AF772678DE0D00FF44DA /* TrimAndShapes.swift */ = {isa = PBXFileReference; lastKnownFileType = sourcecode.swift; path = TrimAndShapes.swift; sourceTree = "<group>"; };
		1703AF79267A121100FF44DA /* Ternary.swift */ = {isa = PBXFileReference; fileEncoding = 4; lastKnownFileType = sourcecode.swift; path = Ternary.swift; sourceTree = "<group>"; };
		1737860B267BB27400578108 /* LoadingLine.swift */ = {isa = PBXFileReference; fileEncoding = 4; lastKnownFileType = sourcecode.swift; path = LoadingLine.swift; sourceTree = SOURCE_ROOT; };
		17378611267CFF7B00578108 /* AnglesInGradient.swift */ = {isa = PBXFileReference; fileEncoding = 4; lastKnownFileType = sourcecode.swift; path = AnglesInGradient.swift; sourceTree = "<group>"; };
		17378617267F3AF200578108 /* ScroolReader.swift */ = {isa = PBXFileReference; fileEncoding = 4; lastKnownFileType = sourcecode.swift; path = ScroolReader.swift; sourceTree = "<group>"; };
/* End PBXFileReference section */

/* Begin PBXFrameworksBuildPhase section */
		1703AF48267666DB00FF44DA /* Frameworks */ = {
			isa = PBXFrameworksBuildPhase;
			buildActionMask = 2147483647;
			files = (
			);
			runOnlyForDeploymentPostprocessing = 0;
		};
/* End PBXFrameworksBuildPhase section */

/* Begin PBXGroup section */
		1703AF42267666DB00FF44DA = {
			isa = PBXGroup;
			children = (
				1703AF4D267666DB00FF44DA /* Huge Database */,
				1703AF4C267666DB00FF44DA /* Products */,
			);
			sourceTree = "<group>";
		};
		1703AF4C267666DB00FF44DA /* Products */ = {
			isa = PBXGroup;
			children = (
				1703AF4B267666DB00FF44DA /* Huge Database.app */,
			);
			name = Products;
			sourceTree = "<group>";
		};
		1703AF4D267666DB00FF44DA /* Huge Database */ = {
			isa = PBXGroup;
			children = (
				1703AF6D2677655E00FF44DA /* DatePickerOne.swift */,
				17378611267CFF7B00578108 /* AnglesInGradient.swift */,
				1703AF6526768F8300FF44DA /* OneGrid.swift */,
				1703AF4E267666DB00FF44DA /* Huge_DatabaseApp.swift */,
				1703AF5F26767CEF00FF44DA /* Modifiers.swift */,
				1703AF79267A121100FF44DA /* Ternary.swift */,
				17378617267F3AF200578108 /* ScroolReader.swift */,
				1703AF5D267675FD00FF44DA /* Gradients.swift */,
				1737860B267BB27400578108 /* LoadingLine.swift */,
				1703AF50267666DB00FF44DA /* ContentView.swift */,
				1703AF52267666E000FF44DA /* Assets.xcassets */,
				1703AF57267666E000FF44DA /* Info.plist */,
				1703AF54267666E000FF44DA /* Preview Content */,
				1703AF732677890800FF44DA /* PractiseCGSize.swift */,
				1703AF772678DE0D00FF44DA /* TrimAndShapes.swift */,
			);
			path = "Huge Database";
			sourceTree = "<group>";
		};
		1703AF54267666E000FF44DA /* Preview Content */ = {
			isa = PBXGroup;
			children = (
				1703AF55267666E000FF44DA /* Preview Assets.xcassets */,
			);
			path = "Preview Content";
			sourceTree = "<group>";
		};
/* End PBXGroup section */

/* Begin PBXNativeTarget section */
		1703AF4A267666DB00FF44DA /* Huge Database */ = {
			isa = PBXNativeTarget;
			buildConfigurationList = 1703AF5A267666E000FF44DA /* Build configuration list for PBXNativeTarget "Huge Database" */;
			buildPhases = (
				1703AF47267666DB00FF44DA /* Sources */,
				1703AF48267666DB00FF44DA /* Frameworks */,
				1703AF49267666DB00FF44DA /* Resources */,
			);
			buildRules = (
			);
			dependencies = (
			);
			name = "Huge Database";
			productName = "Huge Database";
			productReference = 1703AF4B267666DB00FF44DA /* Huge Database.app */;
			productType = "com.apple.product-type.application";
		};
/* End PBXNativeTarget section */

/* Begin PBXProject section */
		1703AF43267666DB00FF44DA /* Project object */ = {
			isa = PBXProject;
			attributes = {
				LastSwiftUpdateCheck = 1250;
				LastUpgradeCheck = 1250;
				TargetAttributes = {
					1703AF4A267666DB00FF44DA = {
						CreatedOnToolsVersion = 12.5;
					};
				};
			};
			buildConfigurationList = 1703AF46267666DB00FF44DA /* Build configuration list for PBXProject "Huge Database" */;
			compatibilityVersion = "Xcode 9.3";
			developmentRegion = en;
			hasScannedForEncodings = 0;
			knownRegions = (
				en,
				Base,
			);
			mainGroup = 1703AF42267666DB00FF44DA;
			productRefGroup = 1703AF4C267666DB00FF44DA /* Products */;
			projectDirPath = "";
			projectRoot = "";
			targets = (
				1703AF4A267666DB00FF44DA /* Huge Database */,
			);
		};
/* End PBXProject section */

/* Begin PBXResourcesBuildPhase section */
		1703AF49267666DB00FF44DA /* Resources */ = {
			isa = PBXResourcesBuildPhase;
			buildActionMask = 2147483647;
			files = (
				1703AF56267666E000FF44DA /* Preview Assets.xcassets in Resources */,
				1703AF53267666E000FF44DA /* Assets.xcassets in Resources */,
			);
			runOnlyForDeploymentPostprocessing = 0;
		};
/* End PBXResourcesBuildPhase section */

/* Begin PBXSourcesBuildPhase section */
		1703AF47267666DB00FF44DA /* Sources */ = {
			isa = PBXSourcesBuildPhase;
			buildActionMask = 2147483647;
			files = (
				1737860C267BB27400578108 /* LoadingLine.swift in Sources */,
				1703AF6026767CEF00FF44DA /* Modifiers.swift in Sources */,
				17378618267F3AF200578108 /* ScroolReader.swift in Sources */,
				17378612267CFF7C00578108 /* AnglesInGradient.swift in Sources */,
				1703AF7A267A121100FF44DA /* Ternary.swift in Sources */,
				1703AF782678DE0D00FF44DA /* TrimAndShapes.swift in Sources */,
				1703AF51267666DB00FF44DA /* ContentView.swift in Sources */,
				1703AF6E2677655E00FF44DA /* DatePickerOne.swift in Sources */,
				1703AF742677890800FF44DA /* PractiseCGSize.swift in Sources */,
				1703AF4F267666DB00FF44DA /* Huge_DatabaseApp.swift in Sources */,
				1703AF6626768F8300FF44DA /* OneGrid.swift in Sources */,
				1703AF5E267675FD00FF44DA /* Gradients.swift in Sources */,
			);
			runOnlyForDeploymentPostprocessing = 0;
		};
/* End PBXSourcesBuildPhase section */

/* Begin XCBuildConfiguration section */
		1703AF58267666E000FF44DA /* Debug */ = {
			isa = XCBuildConfiguration;
			buildSettings = {
				ALWAYS_SEARCH_USER_PATHS = NO;
				CLANG_ANALYZER_NONNULL = YES;
				CLANG_ANALYZER_NUMBER_OBJECT_CONVERSION = YES_AGGRESSIVE;
				CLANG_CXX_LANGUAGE_STANDARD = "gnu++14";
				CLANG_CXX_LIBRARY = "libc++";
				CLANG_ENABLE_MODULES = YES;
				CLANG_ENABLE_OBJC_ARC = YES;
				CLANG_ENABLE_OBJC_WEAK = YES;
				CLANG_WARN_BLOCK_CAPTURE_AUTORELEASING = YES;
				CLANG_WARN_BOOL_CONVERSION = YES;
				CLANG_WARN_COMMA = YES;
				CLANG_WARN_CONSTANT_CONVERSION = YES;
				CLANG_WARN_DEPRECATED_OBJC_IMPLEMENTATIONS = YES;
				CLANG_WARN_DIRECT_OBJC_ISA_USAGE = YES_ERROR;
				CLANG_WARN_DOCUMENTATION_COMMENTS = YES;
				CLANG_WARN_EMPTY_BODY = YES;
				CLANG_WARN_ENUM_CONVERSION = YES;
				CLANG_WARN_INFINITE_RECURSION = YES;
				CLANG_WARN_INT_CONVERSION = YES;
				CLANG_WARN_NON_LITERAL_NULL_CONVERSION = YES;
				CLANG_WARN_OBJC_IMPLICIT_RETAIN_SELF = YES;
				CLANG_WARN_OBJC_LITERAL_CONVERSION = YES;
				CLANG_WARN_OBJC_ROOT_CLASS = YES_ERROR;
				CLANG_WARN_QUOTED_INCLUDE_IN_FRAMEWORK_HEADER = YES;
				CLANG_WARN_RANGE_LOOP_ANALYSIS = YES;
				CLANG_WARN_STRICT_PROTOTYPES = YES;
				CLANG_WARN_SUSPICIOUS_MOVE = YES;
				CLANG_WARN_UNGUARDED_AVAILABILITY = YES_AGGRESSIVE;
				CLANG_WARN_UNREACHABLE_CODE = YES;
				CLANG_WARN__DUPLICATE_METHOD_MATCH = YES;
				COPY_PHASE_STRIP = NO;
				DEBUG_INFORMATION_FORMAT = dwarf;
				ENABLE_STRICT_OBJC_MSGSEND = YES;
				ENABLE_TESTABILITY = YES;
				GCC_C_LANGUAGE_STANDARD = gnu11;
				GCC_DYNAMIC_NO_PIC = NO;
				GCC_NO_COMMON_BLOCKS = YES;
				GCC_OPTIMIZATION_LEVEL = 0;
				GCC_PREPROCESSOR_DEFINITIONS = (
					"DEBUG=1",
					"$(inherited)",
				);
				GCC_WARN_64_TO_32_BIT_CONVERSION = YES;
				GCC_WARN_ABOUT_RETURN_TYPE = YES_ERROR;
				GCC_WARN_UNDECLARED_SELECTOR = YES;
				GCC_WARN_UNINITIALIZED_AUTOS = YES_AGGRESSIVE;
				GCC_WARN_UNUSED_FUNCTION = YES;
				GCC_WARN_UNUSED_VARIABLE = YES;
				IPHONEOS_DEPLOYMENT_TARGET = 14.5;
				MTL_ENABLE_DEBUG_INFO = INCLUDE_SOURCE;
				MTL_FAST_MATH = YES;
				ONLY_ACTIVE_ARCH = YES;
				SDKROOT = iphoneos;
				SWIFT_ACTIVE_COMPILATION_CONDITIONS = DEBUG;
				SWIFT_OPTIMIZATION_LEVEL = "-Onone";
			};
			name = Debug;
		};
		1703AF59267666E000FF44DA /* Release */ = {
			isa = XCBuildConfiguration;
			buildSettings = {
				ALWAYS_SEARCH_USER_PATHS = NO;
				CLANG_ANALYZER_NONNULL = YES;
				CLANG_ANALYZER_NUMBER_OBJECT_CONVERSION = YES_AGGRESSIVE;
				CLANG_CXX_LANGUAGE_STANDARD = "gnu++14";
				CLANG_CXX_LIBRARY = "libc++";
				CLANG_ENABLE_MODULES = YES;
				CLANG_ENABLE_OBJC_ARC = YES;
				CLANG_ENABLE_OBJC_WEAK = YES;
				CLANG_WARN_BLOCK_CAPTURE_AUTORELEASING = YES;
				CLANG_WARN_BOOL_CONVERSION = YES;
				CLANG_WARN_COMMA = YES;
				CLANG_WARN_CONSTANT_CONVERSION = YES;
				CLANG_WARN_DEPRECATED_OBJC_IMPLEMENTATIONS = YES;
				CLANG_WARN_DIRECT_OBJC_ISA_USAGE = YES_ERROR;
				CLANG_WARN_DOCUMENTATION_COMMENTS = YES;
				CLANG_WARN_EMPTY_BODY = YES;
				CLANG_WARN_ENUM_CONVERSION = YES;
				CLANG_WARN_INFINITE_RECURSION = YES;
				CLANG_WARN_INT_CONVERSION = YES;
				CLANG_WARN_NON_LITERAL_NULL_CONVERSION = YES;
				CLANG_WARN_OBJC_IMPLICIT_RETAIN_SELF = YES;
				CLANG_WARN_OBJC_LITERAL_CONVERSION = YES;
				CLANG_WARN_OBJC_ROOT_CLASS = YES_ERROR;
				CLANG_WARN_QUOTED_INCLUDE_IN_FRAMEWORK_HEADER = YES;
				CLANG_WARN_RANGE_LOOP_ANALYSIS = YES;
				CLANG_WARN_STRICT_PROTOTYPES = YES;
				CLANG_WARN_SUSPICIOUS_MOVE = YES;
				CLANG_WARN_UNGUARDED_AVAILABILITY = YES_AGGRESSIVE;
				CLANG_WARN_UNREACHABLE_CODE = YES;
				CLANG_WARN__DUPLICATE_METHOD_MATCH = YES;
				COPY_PHASE_STRIP = NO;
				DEBUG_INFORMATION_FORMAT = "dwarf-with-dsym";
				ENABLE_NS_ASSERTIONS = NO;
				ENABLE_STRICT_OBJC_MSGSEND = YES;
				GCC_C_LANGUAGE_STANDARD = gnu11;
				GCC_NO_COMMON_BLOCKS = YES;
				GCC_WARN_64_TO_32_BIT_CONVERSION = YES;
				GCC_WARN_ABOUT_RETURN_TYPE = YES_ERROR;
				GCC_WARN_UNDECLARED_SELECTOR = YES;
				GCC_WARN_UNINITIALIZED_AUTOS = YES_AGGRESSIVE;
				GCC_WARN_UNUSED_FUNCTION = YES;
				GCC_WARN_UNUSED_VARIABLE = YES;
				IPHONEOS_DEPLOYMENT_TARGET = 14.5;
				MTL_ENABLE_DEBUG_INFO = NO;
				MTL_FAST_MATH = YES;
				SDKROOT = iphoneos;
				SWIFT_COMPILATION_MODE = wholemodule;
				SWIFT_OPTIMIZATION_LEVEL = "-O";
				VALIDATE_PRODUCT = YES;
			};
			name = Release;
		};
		1703AF5B267666E000FF44DA /* Debug */ = {
			isa = XCBuildConfiguration;
			buildSettings = {
				ASSETCATALOG_COMPILER_APPICON_NAME = AppIcon;
				ASSETCATALOG_COMPILER_GLOBAL_ACCENT_COLOR_NAME = AccentColor;
				CODE_SIGN_STYLE = Automatic;
				DEVELOPMENT_ASSET_PATHS = "\"Huge Database/Preview Content\"";
				ENABLE_PREVIEWS = YES;
				INFOPLIST_FILE = "Huge Database/Info.plist";
				IPHONEOS_DEPLOYMENT_TARGET = 14.0;
				LD_RUNPATH_SEARCH_PATHS = (
					"$(inherited)",
					"@executable_path/Frameworks",
				);
				PRODUCT_BUNDLE_IDENTIFIER = "none.Huge-Database";
				PRODUCT_NAME = "$(TARGET_NAME)";
				SWIFT_VERSION = 5.0;
				TARGETED_DEVICE_FAMILY = "1,2";
			};
			name = Debug;
		};
		1703AF5C267666E000FF44DA /* Release */ = {
			isa = XCBuildConfiguration;
			buildSettings = {
				ASSETCATALOG_COMPILER_APPICON_NAME = AppIcon;
				ASSETCATALOG_COMPILER_GLOBAL_ACCENT_COLOR_NAME = AccentColor;
				CODE_SIGN_STYLE = Automatic;
				DEVELOPMENT_ASSET_PATHS = "\"Huge Database/Preview Content\"";
				ENABLE_PREVIEWS = YES;
				INFOPLIST_FILE = "Huge Database/Info.plist";
				IPHONEOS_DEPLOYMENT_TARGET = 14.0;
				LD_RUNPATH_SEARCH_PATHS = (
					"$(inherited)",
					"@executable_path/Frameworks",
				);
				PRODUCT_BUNDLE_IDENTIFIER = "none.Huge-Database";
				PRODUCT_NAME = "$(TARGET_NAME)";
				SWIFT_VERSION = 5.0;
				TARGETED_DEVICE_FAMILY = "1,2";
			};
			name = Release;
		};
/* End XCBuildConfiguration section */

/* Begin XCConfigurationList section */
		1703AF46267666DB00FF44DA /* Build configuration list for PBXProject "Huge Database" */ = {
			isa = XCConfigurationList;
			buildConfigurations = (
				1703AF58267666E000FF44DA /* Debug */,
				1703AF59267666E000FF44DA /* Release */,
			);
			defaultConfigurationIsVisible = 0;
			defaultConfigurationName = Release;
		};
		1703AF5A267666E000FF44DA /* Build configuration list for PBXNativeTarget "Huge Database" */ = {
			isa = XCConfigurationList;
			buildConfigurations = (
				1703AF5B267666E000FF44DA /* Debug */,
				1703AF5C267666E000FF44DA /* Release */,
			);
			defaultConfigurationIsVisible = 0;
			defaultConfigurationName = Release;
		};
/* End XCConfigurationList section */
	};
	rootObject = 1703AF43267666DB00FF44DA /* Project object */;
}
